
Microsoft Visual Studio Solution File, Format Version 12.00
# Visual Studio 15
VisualStudioVersion = 15.0.27130.2027
MinimumVisualStudioVersion = 10.0.40219.1
Project("{FAE04EC0-301F-11D3-BF4B-00C04F79EFBC}") = "CallingWebAPI", "CallingWebAPI\CallingWebAPI.csproj", "{BF978C74-8890-4A01-B060-E7CC247F56E5}"
EndProject
Global
	GlobalSection(SolutionConfigurationPlatforms) = preSolution
		Debug|Any CPU = Debug|Any CPU
		Release|Any CPU = Release|Any CPU
	EndGlobalSection
	GlobalSection(ProjectConfigurationPlatforms) = postSolution
		{BF978C74-8890-4A01-B060-E7CC247F56E5}.Debug|Any CPU.ActiveCfg = Debug|Any CPU
		{BF978C74-8890-4A01-B060-E7CC247F56E5}.Debug|Any CPU.Build.0 = Debug|Any CPU
		{BF978C74-8890-4A01-B060-E7CC247F56E5}.Release|Any CPU.ActiveCfg = Release|Any CPU
		{BF978C74-8890-4A01-B060-E7CC247F56E5}.Release|Any CPU.Build.0 = Release|Any CPU
	EndGlobalSection
	GlobalSection(SolutionProperties) = preSolution
		HideSolutionNode = FALSE
	EndGlobalSection
	GlobalSection(ExtensibilityGlobals) = postSolution
		SolutionGuid = {78847F5E-94CA-4B1B-A5E5-4FE32DF9BA11}
	EndGlobalSection
EndGlobal
